// !$*UTF8*$!
{
	archiveVersion = 1;
	classes = {
	};
	objectVersion = 50;
	objects = {

/* Begin PBXBuildFile section */
		0E3F8D52278F555B00C9E69A /* ViewController.swift in Sources */ = {isa = PBXBuildFile; fileRef = 0E3F8D4A278F555B00C9E69A /* ViewController.swift */; };
		0E3F8D53278F555B00C9E69A /* AutoNavigatorViewController.swift in Sources */ = {isa = PBXBuildFile; fileRef = 0E3F8D4B278F555B00C9E69A /* AutoNavigatorViewController.swift */; };
		0E3F8D54278F555B00C9E69A /* Assets.xcassets in Resources */ = {isa = PBXBuildFile; fileRef = 0E3F8D4C278F555B00C9E69A /* Assets.xcassets */; };
		0E3F8D55278F555B00C9E69A /* LaunchScreen.storyboard in Resources */ = {isa = PBXBuildFile; fileRef = 0E3F8D4D278F555B00C9E69A /* LaunchScreen.storyboard */; };
		0E3F8D56278F555B00C9E69A /* Main.storyboard in Resources */ = {isa = PBXBuildFile; fileRef = 0E3F8D4F278F555B00C9E69A /* Main.storyboard */; };
		0E3F8D57278F555B00C9E69A /* AppDelegate.swift in Sources */ = {isa = PBXBuildFile; fileRef = 0E3F8D50278F555B00C9E69A /* AppDelegate.swift */; };
		0E3F8D58278F555B00C9E69A /* SingleFieldAutoNavViewController.swift in Sources */ = {isa = PBXBuildFile; fileRef = 0E3F8D51278F555B00C9E69A /* SingleFieldAutoNavViewController.swift */; };
		0E3F9027278F8F0900C9E69A /* KeyboardSupport.framework in Frameworks */ = {isa = PBXBuildFile; fileRef = 0E3F9026278F8F0900C9E69A /* KeyboardSupport.framework */; };
		0E3F9029278F8F1400C9E69A /* KeyboardSupport.framework in CopyFiles */ = {isa = PBXBuildFile; fileRef = 0E3F9026278F8F0900C9E69A /* KeyboardSupport.framework */; settings = {ATTRIBUTES = (CodeSignOnCopy, RemoveHeadersOnCopy, ); }; };
/* End PBXBuildFile section */

/* Begin PBXCopyFilesBuildPhase section */
		0E3F9028278F8F0C00C9E69A /* CopyFiles */ = {
			isa = PBXCopyFilesBuildPhase;
			buildActionMask = 2147483647;
			dstPath = "";
			dstSubfolderSpec = 10;
			files = (
				0E3F9029278F8F1400C9E69A /* KeyboardSupport.framework in CopyFiles */,
			);
			runOnlyForDeploymentPostprocessing = 0;
		};
		626DEACF20BC9D360036D5A6 /* Embed Frameworks */ = {
			isa = PBXCopyFilesBuildPhase;
			buildActionMask = 2147483647;
			dstPath = "";
			dstSubfolderSpec = 10;
			files = (
			);
			name = "Embed Frameworks";
			runOnlyForDeploymentPostprocessing = 0;
		};
/* End PBXCopyFilesBuildPhase section */

/* Begin PBXFileReference section */
		0E3F8D4A278F555B00C9E69A /* ViewController.swift */ = {isa = PBXFileReference; fileEncoding = 4; lastKnownFileType = sourcecode.swift; path = ViewController.swift; sourceTree = "<group>"; };
		0E3F8D4B278F555B00C9E69A /* AutoNavigatorViewController.swift */ = {isa = PBXFileReference; fileEncoding = 4; lastKnownFileType = sourcecode.swift; path = AutoNavigatorViewController.swift; sourceTree = "<group>"; };
		0E3F8D4C278F555B00C9E69A /* Assets.xcassets */ = {isa = PBXFileReference; lastKnownFileType = folder.assetcatalog; path = Assets.xcassets; sourceTree = "<group>"; };
		0E3F8D4E278F555B00C9E69A /* Base */ = {isa = PBXFileReference; lastKnownFileType = file.storyboard; name = Base; path = Base.lproj/LaunchScreen.storyboard; sourceTree = "<group>"; };
		0E3F8D4F278F555B00C9E69A /* Main.storyboard */ = {isa = PBXFileReference; fileEncoding = 4; lastKnownFileType = file.storyboard; path = Main.storyboard; sourceTree = "<group>"; };
		0E3F8D50278F555B00C9E69A /* AppDelegate.swift */ = {isa = PBXFileReference; fileEncoding = 4; lastKnownFileType = sourcecode.swift; path = AppDelegate.swift; sourceTree = "<group>"; };
		0E3F8D51278F555B00C9E69A /* SingleFieldAutoNavViewController.swift */ = {isa = PBXFileReference; fileEncoding = 4; lastKnownFileType = sourcecode.swift; path = SingleFieldAutoNavViewController.swift; sourceTree = "<group>"; };
		0E3F8D59278F556700C9E69A /* Info.plist */ = {isa = PBXFileReference; fileEncoding = 4; lastKnownFileType = text.plist.xml; path = Info.plist; sourceTree = "<group>"; };
		0E3F9026278F8F0900C9E69A /* KeyboardSupport.framework */ = {isa = PBXFileReference; explicitFileType = wrapper.framework; path = KeyboardSupport.framework; sourceTree = BUILT_PRODUCTS_DIR; };
		626DEA8620BC94ED0036D5A6 /* iOS Example.app */ = {isa = PBXFileReference; explicitFileType = wrapper.application; includeInIndex = 0; path = "iOS Example.app"; sourceTree = BUILT_PRODUCTS_DIR; };
/* End PBXFileReference section */

/* Begin PBXFrameworksBuildPhase section */
		626DEA8320BC94ED0036D5A6 /* Frameworks */ = {
			isa = PBXFrameworksBuildPhase;
			buildActionMask = 2147483647;
			files = (
				0E3F9027278F8F0900C9E69A /* KeyboardSupport.framework in Frameworks */,
			);
			runOnlyForDeploymentPostprocessing = 0;
		};
/* End PBXFrameworksBuildPhase section */

/* Begin PBXGroup section */
		0E3F8D49278F555B00C9E69A /* Sources */ = {
			isa = PBXGroup;
			children = (
				0E3F8D4A278F555B00C9E69A /* ViewController.swift */,
				0E3F8D4B278F555B00C9E69A /* AutoNavigatorViewController.swift */,
				0E3F8D4C278F555B00C9E69A /* Assets.xcassets */,
				0E3F8D4D278F555B00C9E69A /* LaunchScreen.storyboard */,
				0E3F8D4F278F555B00C9E69A /* Main.storyboard */,
				0E3F8D50278F555B00C9E69A /* AppDelegate.swift */,
				0E3F8D51278F555B00C9E69A /* SingleFieldAutoNavViewController.swift */,
			);
			path = Sources;
			sourceTree = "<group>";
		};
		0E3F9025278F8F0900C9E69A /* Frameworks */ = {
			isa = PBXGroup;
			children = (
				0E3F9026278F8F0900C9E69A /* KeyboardSupport.framework */,
			);
			name = Frameworks;
			sourceTree = "<group>";
		};
		626DEA4620BC94360036D5A6 = {
			isa = PBXGroup;
			children = (
				0E3F8D59278F556700C9E69A /* Info.plist */,
				0E3F8D49278F555B00C9E69A /* Sources */,
				626DEA5020BC94360036D5A6 /* Products */,
				0E3F9025278F8F0900C9E69A /* Frameworks */,
			);
			sourceTree = "<group>";
		};
		626DEA5020BC94360036D5A6 /* Products */ = {
			isa = PBXGroup;
			children = (
				626DEA8620BC94ED0036D5A6 /* iOS Example.app */,
			);
			name = Products;
			sourceTree = "<group>";
		};
/* End PBXGroup section */

/* Begin PBXNativeTarget section */
		626DEA8520BC94ED0036D5A6 /* iOS Example */ = {
			isa = PBXNativeTarget;
			buildConfigurationList = 626DEAA020BC94EE0036D5A6 /* Build configuration list for PBXNativeTarget "iOS Example" */;
			buildPhases = (
				626DEA8220BC94ED0036D5A6 /* Sources */,
				626DEA8320BC94ED0036D5A6 /* Frameworks */,
				626DEA8420BC94ED0036D5A6 /* Resources */,
				626DEACF20BC9D360036D5A6 /* Embed Frameworks */,
				0E3F9028278F8F0C00C9E69A /* CopyFiles */,
			);
			buildRules = (
			);
			dependencies = (
			);
			name = "iOS Example";
			productName = "KeyboardSupport-iOSExample";
			productReference = 626DEA8620BC94ED0036D5A6 /* iOS Example.app */;
			productType = "com.apple.product-type.application";
		};
/* End PBXNativeTarget section */

/* Begin PBXProject section */
		626DEA4720BC94360036D5A6 /* Project object */ = {
			isa = PBXProject;
			attributes = {
				LastSwiftUpdateCheck = 0930;
				LastUpgradeCheck = 1310;
				ORGANIZATIONNAME = "Bottle Rocket Studios";
				TargetAttributes = {
					626DEA8520BC94ED0036D5A6 = {
						CreatedOnToolsVersion = 9.3.1;
						LastSwiftMigration = 1020;
					};
				};
			};
			buildConfigurationList = 626DEA4A20BC94360036D5A6 /* Build configuration list for PBXProject "Example" */;
			compatibilityVersion = "Xcode 9.3";
			developmentRegion = en;
			hasScannedForEncodings = 0;
			knownRegions = (
				en,
				Base,
			);
			mainGroup = 626DEA4620BC94360036D5A6;
			productRefGroup = 626DEA5020BC94360036D5A6 /* Products */;
			projectDirPath = "";
			projectRoot = "";
			targets = (
				626DEA8520BC94ED0036D5A6 /* iOS Example */,
			);
		};
/* End PBXProject section */

/* Begin PBXResourcesBuildPhase section */
		626DEA8420BC94ED0036D5A6 /* Resources */ = {
			isa = PBXResourcesBuildPhase;
			buildActionMask = 2147483647;
			files = (
				0E3F8D56278F555B00C9E69A /* Main.storyboard in Resources */,
				0E3F8D54278F555B00C9E69A /* Assets.xcassets in Resources */,
				0E3F8D55278F555B00C9E69A /* LaunchScreen.storyboard in Resources */,
			);
			runOnlyForDeploymentPostprocessing = 0;
		};
/* End PBXResourcesBuildPhase section */

/* Begin PBXSourcesBuildPhase section */
		626DEA8220BC94ED0036D5A6 /* Sources */ = {
			isa = PBXSourcesBuildPhase;
			buildActionMask = 2147483647;
			files = (
				0E3F8D58278F555B00C9E69A /* SingleFieldAutoNavViewController.swift in Sources */,
				0E3F8D57278F555B00C9E69A /* AppDelegate.swift in Sources */,
				0E3F8D52278F555B00C9E69A /* ViewController.swift in Sources */,
				0E3F8D53278F555B00C9E69A /* AutoNavigatorViewController.swift in Sources */,
			);
			runOnlyForDeploymentPostprocessing = 0;
		};
/* End PBXSourcesBuildPhase section */

/* Begin PBXVariantGroup section */
		0E3F8D4D278F555B00C9E69A /* LaunchScreen.storyboard */ = {
			isa = PBXVariantGroup;
			children = (
				0E3F8D4E278F555B00C9E69A /* Base */,
			);
			name = LaunchScreen.storyboard;
			sourceTree = "<group>";
		};
/* End PBXVariantGroup section */

/* Begin XCBuildConfiguration section */
		626DEA5F20BC94380036D5A6 /* Debug */ = {
			isa = XCBuildConfiguration;
			buildSettings = {
				ALWAYS_SEARCH_USER_PATHS = NO;
				CLANG_ANALYZER_NONNULL = YES;
				CLANG_ANALYZER_NUMBER_OBJECT_CONVERSION = YES_AGGRESSIVE;
				CLANG_CXX_LANGUAGE_STANDARD = "gnu++14";
				CLANG_CXX_LIBRARY = "libc++";
				CLANG_ENABLE_MODULES = YES;
				CLANG_ENABLE_OBJC_ARC = YES;
				CLANG_ENABLE_OBJC_WEAK = YES;
				CLANG_WARN_BLOCK_CAPTURE_AUTORELEASING = YES;
				CLANG_WARN_BOOL_CONVERSION = YES;
				CLANG_WARN_COMMA = YES;
				CLANG_WARN_CONSTANT_CONVERSION = YES;
				CLANG_WARN_DEPRECATED_OBJC_IMPLEMENTATIONS = YES;
				CLANG_WARN_DIRECT_OBJC_ISA_USAGE = YES_ERROR;
				CLANG_WARN_DOCUMENTATION_COMMENTS = YES;
				CLANG_WARN_EMPTY_BODY = YES;
				CLANG_WARN_ENUM_CONVERSION = YES;
				CLANG_WARN_INFINITE_RECURSION = YES;
				CLANG_WARN_INT_CONVERSION = YES;
				CLANG_WARN_NON_LITERAL_NULL_CONVERSION = YES;
				CLANG_WARN_OBJC_IMPLICIT_RETAIN_SELF = YES;
				CLANG_WARN_OBJC_LITERAL_CONVERSION = YES;
				CLANG_WARN_OBJC_ROOT_CLASS = YES_ERROR;
				CLANG_WARN_QUOTED_INCLUDE_IN_FRAMEWORK_HEADER = YES;
				CLANG_WARN_RANGE_LOOP_ANALYSIS = YES;
				CLANG_WARN_STRICT_PROTOTYPES = YES;
				CLANG_WARN_SUSPICIOUS_MOVE = YES;
				CLANG_WARN_UNGUARDED_AVAILABILITY = YES_AGGRESSIVE;
				CLANG_WARN_UNREACHABLE_CODE = YES;
				CLANG_WARN__DUPLICATE_METHOD_MATCH = YES;
				CODE_SIGN_IDENTITY = "iPhone Developer";
				COPY_PHASE_STRIP = NO;
				DEBUG_INFORMATION_FORMAT = dwarf;
				ENABLE_STRICT_OBJC_MSGSEND = YES;
				ENABLE_TESTABILITY = YES;
				GCC_C_LANGUAGE_STANDARD = gnu11;
				GCC_DYNAMIC_NO_PIC = NO;
				GCC_NO_COMMON_BLOCKS = YES;
				GCC_OPTIMIZATION_LEVEL = 0;
				GCC_PREPROCESSOR_DEFINITIONS = (
					"DEBUG=1",
					"$(inherited)",
				);
				GCC_WARN_64_TO_32_BIT_CONVERSION = YES;
				GCC_WARN_ABOUT_RETURN_TYPE = YES_ERROR;
				GCC_WARN_UNDECLARED_SELECTOR = YES;
				GCC_WARN_UNINITIALIZED_AUTOS = YES_AGGRESSIVE;
				GCC_WARN_UNUSED_FUNCTION = YES;
				GCC_WARN_UNUSED_VARIABLE = YES;
				IPHONEOS_DEPLOYMENT_TARGET = 12.0;
				MARKETING_VERSION = 2.1.2;
				MTL_ENABLE_DEBUG_INFO = YES;
				ONLY_ACTIVE_ARCH = YES;
				SDKROOT = iphoneos;
				SWIFT_ACTIVE_COMPILATION_CONDITIONS = DEBUG;
				SWIFT_OPTIMIZATION_LEVEL = "-Onone";
				SWIFT_VERSION = 5.0;
			};
			name = Debug;
		};
		626DEA6020BC94380036D5A6 /* Release */ = {
			isa = XCBuildConfiguration;
			buildSettings = {
				ALWAYS_SEARCH_USER_PATHS = NO;
				CLANG_ANALYZER_NONNULL = YES;
				CLANG_ANALYZER_NUMBER_OBJECT_CONVERSION = YES_AGGRESSIVE;
				CLANG_CXX_LANGUAGE_STANDARD = "gnu++14";
				CLANG_CXX_LIBRARY = "libc++";
				CLANG_ENABLE_MODULES = YES;
				CLANG_ENABLE_OBJC_ARC = YES;
				CLANG_ENABLE_OBJC_WEAK = YES;
				CLANG_WARN_BLOCK_CAPTURE_AUTORELEASING = YES;
				CLANG_WARN_BOOL_CONVERSION = YES;
				CLANG_WARN_COMMA = YES;
				CLANG_WARN_CONSTANT_CONVERSION = YES;
				CLANG_WARN_DEPRECATED_OBJC_IMPLEMENTATIONS = YES;
				CLANG_WARN_DIRECT_OBJC_ISA_USAGE = YES_ERROR;
				CLANG_WARN_DOCUMENTATION_COMMENTS = YES;
				CLANG_WARN_EMPTY_BODY = YES;
				CLANG_WARN_ENUM_CONVERSION = YES;
				CLANG_WARN_INFINITE_RECURSION = YES;
				CLANG_WARN_INT_CONVERSION = YES;
				CLANG_WARN_NON_LITERAL_NULL_CONVERSION = YES;
				CLANG_WARN_OBJC_IMPLICIT_RETAIN_SELF = YES;
				CLANG_WARN_OBJC_LITERAL_CONVERSION = YES;
				CLANG_WARN_OBJC_ROOT_CLASS = YES_ERROR;
				CLANG_WARN_QUOTED_INCLUDE_IN_FRAMEWORK_HEADER = YES;
				CLANG_WARN_RANGE_LOOP_ANALYSIS = YES;
				CLANG_WARN_STRICT_PROTOTYPES = YES;
				CLANG_WARN_SUSPICIOUS_MOVE = YES;
				CLANG_WARN_UNGUARDED_AVAILABILITY = YES_AGGRESSIVE;
				CLANG_WARN_UNREACHABLE_CODE = YES;
				CLANG_WARN__DUPLICATE_METHOD_MATCH = YES;
				CODE_SIGN_IDENTITY = "iPhone Developer";
				COPY_PHASE_STRIP = NO;
				DEBUG_INFORMATION_FORMAT = "dwarf-with-dsym";
				ENABLE_NS_ASSERTIONS = NO;
				ENABLE_STRICT_OBJC_MSGSEND = YES;
				GCC_C_LANGUAGE_STANDARD = gnu11;
				GCC_NO_COMMON_BLOCKS = YES;
				GCC_WARN_64_TO_32_BIT_CONVERSION = YES;
				GCC_WARN_ABOUT_RETURN_TYPE = YES_ERROR;
				GCC_WARN_UNDECLARED_SELECTOR = YES;
				GCC_WARN_UNINITIALIZED_AUTOS = YES_AGGRESSIVE;
				GCC_WARN_UNUSED_FUNCTION = YES;
				GCC_WARN_UNUSED_VARIABLE = YES;
				IPHONEOS_DEPLOYMENT_TARGET = 12.0;
				MARKETING_VERSION = 2.1.2;
				MTL_ENABLE_DEBUG_INFO = NO;
				SDKROOT = iphoneos;
				SWIFT_COMPILATION_MODE = wholemodule;
				SWIFT_OPTIMIZATION_LEVEL = "-O";
				SWIFT_VERSION = 5.0;
				VALIDATE_PRODUCT = YES;
			};
			name = Release;
		};
		626DEAA120BC94EE0036D5A6 /* Debug */ = {
			isa = XCBuildConfiguration;
			buildSettings = {
				ALWAYS_EMBED_SWIFT_STANDARD_LIBRARIES = YES;
				ASSETCATALOG_COMPILER_APPICON_NAME = AppIcon;
				CODE_SIGN_STYLE = Automatic;
				DEVELOPMENT_TEAM = AJSV2L9F8Q;
				INFOPLIST_FILE = "$(SRCROOT)/Info.plist";
				IPHONEOS_DEPLOYMENT_TARGET = 12.0;
				LD_RUNPATH_SEARCH_PATHS = (
					"$(inherited)",
					"@executable_path/Frameworks",
				);
				MARKETING_VERSION = 1.0.0;
				PRODUCT_BUNDLE_IDENTIFIER = "com.bottlerocketstudios.keyboardsupport.iOS-Example";
				PRODUCT_NAME = "$(TARGET_NAME)";
				SWIFT_VERSION = 5.0;
				TARGETED_DEVICE_FAMILY = "1,2";
			};
			name = Debug;
		};
		626DEAA220BC94EE0036D5A6 /* Release */ = {
			isa = XCBuildConfiguration;
			buildSettings = {
				ALWAYS_EMBED_SWIFT_STANDARD_LIBRARIES = YES;
				ASSETCATALOG_COMPILER_APPICON_NAME = AppIcon;
				CODE_SIGN_STYLE = Automatic;
				DEVELOPMENT_TEAM = AJSV2L9F8Q;
				INFOPLIST_FILE = "$(SRCROOT)/Info.plist";
				IPHONEOS_DEPLOYMENT_TARGET = 12.0;
				LD_RUNPATH_SEARCH_PATHS = (
					"$(inherited)",
					"@executable_path/Frameworks",
				);
				MARKETING_VERSION = 1.0.0;
				PRODUCT_BUNDLE_IDENTIFIER = "com.bottlerocketstudios.keyboardsupport.iOS-Example";
				PRODUCT_NAME = "$(TARGET_NAME)";
				SWIFT_VERSION = 5.0;
				TARGETED_DEVICE_FAMILY = "1,2";
			};
			name = Release;
		};
/* End XCBuildConfiguration section */

/* Begin XCConfigurationList section */
		626DEA4A20BC94360036D5A6 /* Build configuration list for PBXProject "Example" */ = {
			isa = XCConfigurationList;
			buildConfigurations = (
				626DEA5F20BC94380036D5A6 /* Debug */,
				626DEA6020BC94380036D5A6 /* Release */,
			);
			defaultConfigurationIsVisible = 0;
			defaultConfigurationName = Release;
		};
		626DEAA020BC94EE0036D5A6 /* Build configuration list for PBXNativeTarget "iOS Example" */ = {
			isa = XCConfigurationList;
			buildConfigurations = (
				626DEAA120BC94EE0036D5A6 /* Debug */,
				626DEAA220BC94EE0036D5A6 /* Release */,
			);
			defaultConfigurationIsVisible = 0;
			defaultConfigurationName = Release;
		};
/* End XCConfigurationList section */
	};
	rootObject = 626DEA4720BC94360036D5A6 /* Project object */;
}
