// !$*UTF8*$!
{
	archiveVersion = 1;
	classes = {
	};
	objectVersion = 55;
	objects = {

/* Begin PBXBuildFile section */
		0E3F8FA4278F8D2700C9E69A /* KeyboardSupport.framework in Frameworks */ = {isa = PBXBuildFile; fileRef = 0E3F8F9B278F8D2700C9E69A /* KeyboardSupport.framework */; };
		0E3F8FCD278F8D6500C9E69A /* KeyboardAutoNavigator.swift in Sources */ = {isa = PBXBuildFile; fileRef = 0E3F8FB4278F8D6500C9E69A /* KeyboardAutoNavigator.swift */; };
		0E3F8FCE278F8D6500C9E69A /* KeyboardNavigator.swift in Sources */ = {isa = PBXBuildFile; fileRef = 0E3F8FB5278F8D6500C9E69A /* KeyboardNavigator.swift */; };
		0E3F8FCF278F8D6500C9E69A /* KeyboardToolbar.swift in Sources */ = {isa = PBXBuildFile; fileRef = 0E3F8FB6278F8D6500C9E69A /* KeyboardToolbar.swift */; };
		0E3F8FD0278F8D6500C9E69A /* KeyboardScrollable.swift in Sources */ = {isa = PBXBuildFile; fileRef = 0E3F8FB7278F8D6500C9E69A /* KeyboardScrollable.swift */; };
		0E3F8FD1278F8D6500C9E69A /* KeyboardSupport.h in Headers */ = {isa = PBXBuildFile; fileRef = 0E3F8FB8278F8D6500C9E69A /* KeyboardSupport.h */; settings = {ATTRIBUTES = (Public, ); }; };
		0E3F8FD2278F8D6500C9E69A /* KeyboardAccessory.swift in Sources */ = {isa = PBXBuildFile; fileRef = 0E3F8FB9278F8D6500C9E69A /* KeyboardAccessory.swift */; };
		0E3F8FD3278F8D6500C9E69A /* UIView+KeyboardSupport.swift in Sources */ = {isa = PBXBuildFile; fileRef = 0E3F8FBB278F8D6500C9E69A /* UIView+KeyboardSupport.swift */; };
		0E3F8FD4278F8D6500C9E69A /* UIScrollView+Inset.swift in Sources */ = {isa = PBXBuildFile; fileRef = 0E3F8FBC278F8D6500C9E69A /* UIScrollView+Inset.swift */; };
		0E3F8FD5278F8D6500C9E69A /* CGRect+Modifying.swift in Sources */ = {isa = PBXBuildFile; fileRef = 0E3F8FBD278F8D6500C9E69A /* CGRect+Modifying.swift */; };
		0E3F8FD6278F8D6500C9E69A /* UIEdgeInsets+KeyboardSupport.swift in Sources */ = {isa = PBXBuildFile; fileRef = 0E3F8FBE278F8D6500C9E69A /* UIEdgeInsets+KeyboardSupport.swift */; };
		0E3F8FD7278F8D6500C9E69A /* Array+KeyboardSupport.swift in Sources */ = {isa = PBXBuildFile; fileRef = 0E3F8FBF278F8D6500C9E69A /* Array+KeyboardSupport.swift */; };
		0E3F8FD8278F8D6500C9E69A /* KeyboardRespondable.swift in Sources */ = {isa = PBXBuildFile; fileRef = 0E3F8FC0278F8D6500C9E69A /* KeyboardRespondable.swift */; };
		0E3F8FD9278F8D6500C9E69A /* KeyboardSafeAreaAdjustable.swift in Sources */ = {isa = PBXBuildFile; fileRef = 0E3F8FC1278F8D6500C9E69A /* KeyboardSafeAreaAdjustable.swift */; };
		0E3F8FDA278F8D6500C9E69A /* KeyboardDismissable.swift in Sources */ = {isa = PBXBuildFile; fileRef = 0E3F8FC2278F8D6500C9E69A /* KeyboardDismissable.swift */; };
		0E3F8FE2278F8D6800C9E69A /* KeyboardAutoNavigatorTests.swift in Sources */ = {isa = PBXBuildFile; fileRef = 0E3F8FC5278F8D6500C9E69A /* KeyboardAutoNavigatorTests.swift */; };
		0E3F8FE3278F8D6800C9E69A /* KeyboardToolbarTests.swift in Sources */ = {isa = PBXBuildFile; fileRef = 0E3F8FC6278F8D6500C9E69A /* KeyboardToolbarTests.swift */; };
		0E3F8FE4278F8D6800C9E69A /* KeyboardNavigatorTests.swift in Sources */ = {isa = PBXBuildFile; fileRef = 0E3F8FC4278F8D6500C9E69A /* KeyboardNavigatorTests.swift */; };
		0E3F8FE5278F8D6E00C9E69A /* MockKeyboardAccessoryDelegate.swift in Sources */ = {isa = PBXBuildFile; fileRef = 0E3F8FCA278F8D6500C9E69A /* MockKeyboardAccessoryDelegate.swift */; };
		0E3F8FE6278F8D6E00C9E69A /* MockKeyboardNavigatorDelegate.swift in Sources */ = {isa = PBXBuildFile; fileRef = 0E3F8FC9278F8D6500C9E69A /* MockKeyboardNavigatorDelegate.swift */; };
		0E3F8FE7278F8D6E00C9E69A /* MockKeyboardAutoNavigatorDelegate.swift in Sources */ = {isa = PBXBuildFile; fileRef = 0E3F8FCB278F8D6500C9E69A /* MockKeyboardAutoNavigatorDelegate.swift */; };
/* End PBXBuildFile section */

/* Begin PBXContainerItemProxy section */
		0E3F8FA5278F8D2700C9E69A /* PBXContainerItemProxy */ = {
			isa = PBXContainerItemProxy;
			containerPortal = 0E3F8F92278F8D2700C9E69A /* Project object */;
			proxyType = 1;
			remoteGlobalIDString = 0E3F8F9A278F8D2700C9E69A;
			remoteInfo = KeyboardSupport;
		};
/* End PBXContainerItemProxy section */

/* Begin PBXFileReference section */
		0E3F8F9B278F8D2700C9E69A /* KeyboardSupport.framework */ = {isa = PBXFileReference; explicitFileType = wrapper.framework; includeInIndex = 0; path = KeyboardSupport.framework; sourceTree = BUILT_PRODUCTS_DIR; };
		0E3F8FA3278F8D2700C9E69A /* KeyboardSupport iOS Tests.xctest */ = {isa = PBXFileReference; explicitFileType = wrapper.cfbundle; includeInIndex = 0; path = "KeyboardSupport iOS Tests.xctest"; sourceTree = BUILT_PRODUCTS_DIR; };
		0E3F8FB4278F8D6500C9E69A /* KeyboardAutoNavigator.swift */ = {isa = PBXFileReference; fileEncoding = 4; lastKnownFileType = sourcecode.swift; path = KeyboardAutoNavigator.swift; sourceTree = "<group>"; };
		0E3F8FB5278F8D6500C9E69A /* KeyboardNavigator.swift */ = {isa = PBXFileReference; fileEncoding = 4; lastKnownFileType = sourcecode.swift; path = KeyboardNavigator.swift; sourceTree = "<group>"; };
		0E3F8FB6278F8D6500C9E69A /* KeyboardToolbar.swift */ = {isa = PBXFileReference; fileEncoding = 4; lastKnownFileType = sourcecode.swift; path = KeyboardToolbar.swift; sourceTree = "<group>"; };
		0E3F8FB7278F8D6500C9E69A /* KeyboardScrollable.swift */ = {isa = PBXFileReference; fileEncoding = 4; lastKnownFileType = sourcecode.swift; path = KeyboardScrollable.swift; sourceTree = "<group>"; };
		0E3F8FB8278F8D6500C9E69A /* KeyboardSupport.h */ = {isa = PBXFileReference; fileEncoding = 4; lastKnownFileType = sourcecode.c.h; path = KeyboardSupport.h; sourceTree = "<group>"; };
		0E3F8FB9278F8D6500C9E69A /* KeyboardAccessory.swift */ = {isa = PBXFileReference; fileEncoding = 4; lastKnownFileType = sourcecode.swift; path = KeyboardAccessory.swift; sourceTree = "<group>"; };
		0E3F8FBB278F8D6500C9E69A /* UIView+KeyboardSupport.swift */ = {isa = PBXFileReference; fileEncoding = 4; lastKnownFileType = sourcecode.swift; path = "UIView+KeyboardSupport.swift"; sourceTree = "<group>"; };
		0E3F8FBC278F8D6500C9E69A /* UIScrollView+Inset.swift */ = {isa = PBXFileReference; fileEncoding = 4; lastKnownFileType = sourcecode.swift; path = "UIScrollView+Inset.swift"; sourceTree = "<group>"; };
		0E3F8FBD278F8D6500C9E69A /* CGRect+Modifying.swift */ = {isa = PBXFileReference; fileEncoding = 4; lastKnownFileType = sourcecode.swift; path = "CGRect+Modifying.swift"; sourceTree = "<group>"; };
		0E3F8FBE278F8D6500C9E69A /* UIEdgeInsets+KeyboardSupport.swift */ = {isa = PBXFileReference; fileEncoding = 4; lastKnownFileType = sourcecode.swift; path = "UIEdgeInsets+KeyboardSupport.swift"; sourceTree = "<group>"; };
		0E3F8FBF278F8D6500C9E69A /* Array+KeyboardSupport.swift */ = {isa = PBXFileReference; fileEncoding = 4; lastKnownFileType = sourcecode.swift; path = "Array+KeyboardSupport.swift"; sourceTree = "<group>"; };
		0E3F8FC0278F8D6500C9E69A /* KeyboardRespondable.swift */ = {isa = PBXFileReference; fileEncoding = 4; lastKnownFileType = sourcecode.swift; path = KeyboardRespondable.swift; sourceTree = "<group>"; };
		0E3F8FC1278F8D6500C9E69A /* KeyboardSafeAreaAdjustable.swift */ = {isa = PBXFileReference; fileEncoding = 4; lastKnownFileType = sourcecode.swift; path = KeyboardSafeAreaAdjustable.swift; sourceTree = "<group>"; };
		0E3F8FC2278F8D6500C9E69A /* KeyboardDismissable.swift */ = {isa = PBXFileReference; fileEncoding = 4; lastKnownFileType = sourcecode.swift; path = KeyboardDismissable.swift; sourceTree = "<group>"; };
		0E3F8FC4278F8D6500C9E69A /* KeyboardNavigatorTests.swift */ = {isa = PBXFileReference; fileEncoding = 4; lastKnownFileType = sourcecode.swift; path = KeyboardNavigatorTests.swift; sourceTree = "<group>"; };
		0E3F8FC5278F8D6500C9E69A /* KeyboardAutoNavigatorTests.swift */ = {isa = PBXFileReference; fileEncoding = 4; lastKnownFileType = sourcecode.swift; path = KeyboardAutoNavigatorTests.swift; sourceTree = "<group>"; };
		0E3F8FC6278F8D6500C9E69A /* KeyboardToolbarTests.swift */ = {isa = PBXFileReference; fileEncoding = 4; lastKnownFileType = sourcecode.swift; path = KeyboardToolbarTests.swift; sourceTree = "<group>"; };
		0E3F8FC9278F8D6500C9E69A /* MockKeyboardNavigatorDelegate.swift */ = {isa = PBXFileReference; fileEncoding = 4; lastKnownFileType = sourcecode.swift; path = MockKeyboardNavigatorDelegate.swift; sourceTree = "<group>"; };
		0E3F8FCA278F8D6500C9E69A /* MockKeyboardAccessoryDelegate.swift */ = {isa = PBXFileReference; fileEncoding = 4; lastKnownFileType = sourcecode.swift; path = MockKeyboardAccessoryDelegate.swift; sourceTree = "<group>"; };
		0E3F8FCB278F8D6500C9E69A /* MockKeyboardAutoNavigatorDelegate.swift */ = {isa = PBXFileReference; fileEncoding = 4; lastKnownFileType = sourcecode.swift; path = MockKeyboardAutoNavigatorDelegate.swift; sourceTree = "<group>"; };
		0E3F8FEA278F8D8B00C9E69A /* Package.swift */ = {isa = PBXFileReference; lastKnownFileType = sourcecode.swift; path = Package.swift; sourceTree = "<group>"; };
		0E3F8FEB278F8D8B00C9E69A /* KeyboardSupport.podspec */ = {isa = PBXFileReference; lastKnownFileType = text; path = KeyboardSupport.podspec; sourceTree = "<group>"; };
		0E3F8FEC278F8D8B00C9E69A /* LICENSE */ = {isa = PBXFileReference; lastKnownFileType = text; path = LICENSE; sourceTree = "<group>"; };
		0E3F8FEF278F8D9500C9E69A /* KeyboardSupport 1.x-2.0 Migration Guide.md */ = {isa = PBXFileReference; lastKnownFileType = net.daringfireball.markdown; path = "KeyboardSupport 1.x-2.0 Migration Guide.md"; sourceTree = "<group>"; };
		0E3F8FF0278F8DA300C9E69A /* CONTRIBUTING.md */ = {isa = PBXFileReference; lastKnownFileType = net.daringfireball.markdown; path = CONTRIBUTING.md; sourceTree = SOURCE_ROOT; };
		0E3F8FF1278F8DA300C9E69A /* Dangerfile.swift */ = {isa = PBXFileReference; lastKnownFileType = sourcecode.swift; path = Dangerfile.swift; sourceTree = SOURCE_ROOT; };
		0E3F8FF2278F8DA300C9E69A /* CODEOWNERS */ = {isa = PBXFileReference; lastKnownFileType = text; path = CODEOWNERS; sourceTree = SOURCE_ROOT; };
		0E3F8FF3278F8DA300C9E69A /* CHANGELOG.md */ = {isa = PBXFileReference; lastKnownFileType = net.daringfireball.markdown; path = CHANGELOG.md; sourceTree = SOURCE_ROOT; };
		0E3F8FF4278F8DA300C9E69A /* NOTICE */ = {isa = PBXFileReference; lastKnownFileType = text; path = NOTICE; sourceTree = SOURCE_ROOT; };
		0E3F8FF5278F8DA300C9E69A /* README.md */ = {isa = PBXFileReference; lastKnownFileType = net.daringfireball.markdown; path = README.md; sourceTree = SOURCE_ROOT; };
/* End PBXFileReference section */

/* Begin PBXFrameworksBuildPhase section */
		0E3F8F98278F8D2700C9E69A /* Frameworks */ = {
			isa = PBXFrameworksBuildPhase;
			buildActionMask = 2147483647;
			files = (
			);
			runOnlyForDeploymentPostprocessing = 0;
		};
		0E3F8FA0278F8D2700C9E69A /* Frameworks */ = {
			isa = PBXFrameworksBuildPhase;
			buildActionMask = 2147483647;
			files = (
				0E3F8FA4278F8D2700C9E69A /* KeyboardSupport.framework in Frameworks */,
			);
			runOnlyForDeploymentPostprocessing = 0;
		};
/* End PBXFrameworksBuildPhase section */

/* Begin PBXGroup section */
		0E3F8F91278F8D2700C9E69A = {
			isa = PBXGroup;
			children = (
				0E3F8FE9278F8D7E00C9E69A /* Deployment */,
				0E3F8FED278F8D9500C9E69A /* Documentation */,
				0E3F8FB3278F8D6500C9E69A /* Sources */,
				0E3F8FC3278F8D6500C9E69A /* Tests */,
				0E3F8F9C278F8D2700C9E69A /* Products */,
			);
			sourceTree = "<group>";
		};
		0E3F8F9C278F8D2700C9E69A /* Products */ = {
			isa = PBXGroup;
			children = (
				0E3F8F9B278F8D2700C9E69A /* KeyboardSupport.framework */,
				0E3F8FA3278F8D2700C9E69A /* KeyboardSupport iOS Tests.xctest */,
			);
			name = Products;
			sourceTree = "<group>";
		};
		0E3F8FB3278F8D6500C9E69A /* Sources */ = {
			isa = PBXGroup;
			children = (
				0E3F8FB8278F8D6500C9E69A /* KeyboardSupport.h */,
				0E3F8FB4278F8D6500C9E69A /* KeyboardAutoNavigator.swift */,
				0E3F8FB5278F8D6500C9E69A /* KeyboardNavigator.swift */,
				0E3F8FB6278F8D6500C9E69A /* KeyboardToolbar.swift */,
				0E3F8FB7278F8D6500C9E69A /* KeyboardScrollable.swift */,
				0E3F8FB9278F8D6500C9E69A /* KeyboardAccessory.swift */,
				0E3F8FBA278F8D6500C9E69A /* Extensions */,
				0E3F8FC0278F8D6500C9E69A /* KeyboardRespondable.swift */,
				0E3F8FC1278F8D6500C9E69A /* KeyboardSafeAreaAdjustable.swift */,
				0E3F8FC2278F8D6500C9E69A /* KeyboardDismissable.swift */,
			);
			path = Sources;
			sourceTree = "<group>";
		};
		0E3F8FBA278F8D6500C9E69A /* Extensions */ = {
			isa = PBXGroup;
			children = (
				0E3F8FBB278F8D6500C9E69A /* UIView+KeyboardSupport.swift */,
				0E3F8FBC278F8D6500C9E69A /* UIScrollView+Inset.swift */,
				0E3F8FBD278F8D6500C9E69A /* CGRect+Modifying.swift */,
				0E3F8FBE278F8D6500C9E69A /* UIEdgeInsets+KeyboardSupport.swift */,
				0E3F8FBF278F8D6500C9E69A /* Array+KeyboardSupport.swift */,
			);
			path = Extensions;
			sourceTree = "<group>";
		};
		0E3F8FC3278F8D6500C9E69A /* Tests */ = {
			isa = PBXGroup;
			children = (
				0E3F8FC4278F8D6500C9E69A /* KeyboardNavigatorTests.swift */,
				0E3F8FC5278F8D6500C9E69A /* KeyboardAutoNavigatorTests.swift */,
				0E3F8FC6278F8D6500C9E69A /* KeyboardToolbarTests.swift */,
				0E3F8FC7278F8D6500C9E69A /* Helper */,
			);
			path = Tests;
			sourceTree = "<group>";
		};
		0E3F8FC7278F8D6500C9E69A /* Helper */ = {
			isa = PBXGroup;
			children = (
				0E3F8FC8278F8D6500C9E69A /* Mocks */,
			);
			path = Helper;
			sourceTree = "<group>";
		};
		0E3F8FC8278F8D6500C9E69A /* Mocks */ = {
			isa = PBXGroup;
			children = (
				0E3F8FC9278F8D6500C9E69A /* MockKeyboardNavigatorDelegate.swift */,
				0E3F8FCA278F8D6500C9E69A /* MockKeyboardAccessoryDelegate.swift */,
				0E3F8FCB278F8D6500C9E69A /* MockKeyboardAutoNavigatorDelegate.swift */,
			);
			path = Mocks;
			sourceTree = "<group>";
		};
		0E3F8FE9278F8D7E00C9E69A /* Deployment */ = {
			isa = PBXGroup;
			children = (
				0E3F8FEB278F8D8B00C9E69A /* KeyboardSupport.podspec */,
				0E3F8FEC278F8D8B00C9E69A /* LICENSE */,
				0E3F8FEA278F8D8B00C9E69A /* Package.swift */,
			);
			name = Deployment;
			sourceTree = "<group>";
		};
		0E3F8FED278F8D9500C9E69A /* Documentation */ = {
			isa = PBXGroup;
			children = (
				0E3F8FEE278F8D9500C9E69A /* Migrations */,
				0E3F8FF3278F8DA300C9E69A /* CHANGELOG.md */,
				0E3F8FF2278F8DA300C9E69A /* CODEOWNERS */,
				0E3F8FF0278F8DA300C9E69A /* CONTRIBUTING.md */,
				0E3F8FF1278F8DA300C9E69A /* Dangerfile.swift */,
				0E3F8FF4278F8DA300C9E69A /* NOTICE */,
				0E3F8FF5278F8DA300C9E69A /* README.md */,
			);
			path = Documentation;
			sourceTree = "<group>";
		};
		0E3F8FEE278F8D9500C9E69A /* Migrations */ = {
			isa = PBXGroup;
			children = (
				0E3F8FEF278F8D9500C9E69A /* KeyboardSupport 1.x-2.0 Migration Guide.md */,
			);
			path = Migrations;
			sourceTree = "<group>";
		};
/* End PBXGroup section */

/* Begin PBXHeadersBuildPhase section */
		0E3F8F96278F8D2700C9E69A /* Headers */ = {
			isa = PBXHeadersBuildPhase;
			buildActionMask = 2147483647;
			files = (
				0E3F8FD1278F8D6500C9E69A /* KeyboardSupport.h in Headers */,
			);
			runOnlyForDeploymentPostprocessing = 0;
		};
/* End PBXHeadersBuildPhase section */

/* Begin PBXNativeTarget section */
		0E3F8F9A278F8D2700C9E69A /* KeyboardSupport iOS */ = {
			isa = PBXNativeTarget;
			buildConfigurationList = 0E3F8FAD278F8D2700C9E69A /* Build configuration list for PBXNativeTarget "KeyboardSupport iOS" */;
			buildPhases = (
				0E3F8F96278F8D2700C9E69A /* Headers */,
				0E3F8F97278F8D2700C9E69A /* Sources */,
				0E3F8F98278F8D2700C9E69A /* Frameworks */,
				0E3F8F99278F8D2700C9E69A /* Resources */,
			);
			buildRules = (
			);
			dependencies = (
			);
			name = "KeyboardSupport iOS";
			productName = KeyboardSupport;
			productReference = 0E3F8F9B278F8D2700C9E69A /* KeyboardSupport.framework */;
			productType = "com.apple.product-type.framework";
		};
		0E3F8FA2278F8D2700C9E69A /* KeyboardSupport iOS Tests */ = {
			isa = PBXNativeTarget;
			buildConfigurationList = 0E3F8FB0278F8D2700C9E69A /* Build configuration list for PBXNativeTarget "KeyboardSupport iOS Tests" */;
			buildPhases = (
				0E3F8F9F278F8D2700C9E69A /* Sources */,
				0E3F8FA0278F8D2700C9E69A /* Frameworks */,
				0E3F8FA1278F8D2700C9E69A /* Resources */,
			);
			buildRules = (
			);
			dependencies = (
				0E3F8FA6278F8D2700C9E69A /* PBXTargetDependency */,
			);
			name = "KeyboardSupport iOS Tests";
			productName = KeyboardSupportTests;
			productReference = 0E3F8FA3278F8D2700C9E69A /* KeyboardSupport iOS Tests.xctest */;
			productType = "com.apple.product-type.bundle.unit-test";
		};
/* End PBXNativeTarget section */

/* Begin PBXProject section */
		0E3F8F92278F8D2700C9E69A /* Project object */ = {
			isa = PBXProject;
			attributes = {
				BuildIndependentTargetsInParallel = 1;
				LastSwiftUpdateCheck = 1320;
				LastUpgradeCheck = 1320;
				TargetAttributes = {
					0E3F8F9A278F8D2700C9E69A = {
						CreatedOnToolsVersion = 13.2.1;
					};
					0E3F8FA2278F8D2700C9E69A = {
						CreatedOnToolsVersion = 13.2.1;
					};
				};
			};
			buildConfigurationList = 0E3F8F95278F8D2700C9E69A /* Build configuration list for PBXProject "KeyboardSupport" */;
			compatibilityVersion = "Xcode 13.0";
			developmentRegion = en;
			hasScannedForEncodings = 0;
			knownRegions = (
				en,
				Base,
			);
			mainGroup = 0E3F8F91278F8D2700C9E69A;
			productRefGroup = 0E3F8F9C278F8D2700C9E69A /* Products */;
			projectDirPath = "";
			projectRoot = "";
			targets = (
				0E3F8F9A278F8D2700C9E69A /* KeyboardSupport iOS */,
				0E3F8FA2278F8D2700C9E69A /* KeyboardSupport iOS Tests */,
			);
		};
/* End PBXProject section */

/* Begin PBXResourcesBuildPhase section */
		0E3F8F99278F8D2700C9E69A /* Resources */ = {
			isa = PBXResourcesBuildPhase;
			buildActionMask = 2147483647;
			files = (
			);
			runOnlyForDeploymentPostprocessing = 0;
		};
		0E3F8FA1278F8D2700C9E69A /* Resources */ = {
			isa = PBXResourcesBuildPhase;
			buildActionMask = 2147483647;
			files = (
			);
			runOnlyForDeploymentPostprocessing = 0;
		};
/* End PBXResourcesBuildPhase section */

/* Begin PBXSourcesBuildPhase section */
		0E3F8F97278F8D2700C9E69A /* Sources */ = {
			isa = PBXSourcesBuildPhase;
			buildActionMask = 2147483647;
			files = (
				0E3F8FCE278F8D6500C9E69A /* KeyboardNavigator.swift in Sources */,
				0E3F8FD2278F8D6500C9E69A /* KeyboardAccessory.swift in Sources */,
				0E3F8FD5278F8D6500C9E69A /* CGRect+Modifying.swift in Sources */,
				0E3F8FD4278F8D6500C9E69A /* UIScrollView+Inset.swift in Sources */,
				0E3F8FD6278F8D6500C9E69A /* UIEdgeInsets+KeyboardSupport.swift in Sources */,
				0E3F8FCF278F8D6500C9E69A /* KeyboardToolbar.swift in Sources */,
				0E3F8FDA278F8D6500C9E69A /* KeyboardDismissable.swift in Sources */,
				0E3F8FD9278F8D6500C9E69A /* KeyboardSafeAreaAdjustable.swift in Sources */,
				0E3F8FD8278F8D6500C9E69A /* KeyboardRespondable.swift in Sources */,
				0E3F8FCD278F8D6500C9E69A /* KeyboardAutoNavigator.swift in Sources */,
				0E3F8FD0278F8D6500C9E69A /* KeyboardScrollable.swift in Sources */,
				0E3F8FD7278F8D6500C9E69A /* Array+KeyboardSupport.swift in Sources */,
				0E3F8FD3278F8D6500C9E69A /* UIView+KeyboardSupport.swift in Sources */,
			);
			runOnlyForDeploymentPostprocessing = 0;
		};
		0E3F8F9F278F8D2700C9E69A /* Sources */ = {
			isa = PBXSourcesBuildPhase;
			buildActionMask = 2147483647;
			files = (
				0E3F8FE6278F8D6E00C9E69A /* MockKeyboardNavigatorDelegate.swift in Sources */,
				0E3F8FE5278F8D6E00C9E69A /* MockKeyboardAccessoryDelegate.swift in Sources */,
				0E3F8FE7278F8D6E00C9E69A /* MockKeyboardAutoNavigatorDelegate.swift in Sources */,
				0E3F8FE3278F8D6800C9E69A /* KeyboardToolbarTests.swift in Sources */,
				0E3F8FE4278F8D6800C9E69A /* KeyboardNavigatorTests.swift in Sources */,
				0E3F8FE2278F8D6800C9E69A /* KeyboardAutoNavigatorTests.swift in Sources */,
			);
			runOnlyForDeploymentPostprocessing = 0;
		};
/* End PBXSourcesBuildPhase section */

/* Begin PBXTargetDependency section */
		0E3F8FA6278F8D2700C9E69A /* PBXTargetDependency */ = {
			isa = PBXTargetDependency;
			target = 0E3F8F9A278F8D2700C9E69A /* KeyboardSupport iOS */;
			targetProxy = 0E3F8FA5278F8D2700C9E69A /* PBXContainerItemProxy */;
		};
/* End PBXTargetDependency section */

/* Begin XCBuildConfiguration section */
		0E3F8FAB278F8D2700C9E69A /* Debug */ = {
			isa = XCBuildConfiguration;
			buildSettings = {
				ALWAYS_SEARCH_USER_PATHS = NO;
				CLANG_ANALYZER_NONNULL = YES;
				CLANG_ANALYZER_NUMBER_OBJECT_CONVERSION = YES_AGGRESSIVE;
				CLANG_CXX_LANGUAGE_STANDARD = "gnu++17";
				CLANG_CXX_LIBRARY = "libc++";
				CLANG_ENABLE_MODULES = YES;
				CLANG_ENABLE_OBJC_ARC = YES;
				CLANG_ENABLE_OBJC_WEAK = YES;
				CLANG_WARN_BLOCK_CAPTURE_AUTORELEASING = YES;
				CLANG_WARN_BOOL_CONVERSION = YES;
				CLANG_WARN_COMMA = YES;
				CLANG_WARN_CONSTANT_CONVERSION = YES;
				CLANG_WARN_DEPRECATED_OBJC_IMPLEMENTATIONS = YES;
				CLANG_WARN_DIRECT_OBJC_ISA_USAGE = YES_ERROR;
				CLANG_WARN_DOCUMENTATION_COMMENTS = YES;
				CLANG_WARN_EMPTY_BODY = YES;
				CLANG_WARN_ENUM_CONVERSION = YES;
				CLANG_WARN_INFINITE_RECURSION = YES;
				CLANG_WARN_INT_CONVERSION = YES;
				CLANG_WARN_NON_LITERAL_NULL_CONVERSION = YES;
				CLANG_WARN_OBJC_IMPLICIT_RETAIN_SELF = YES;
				CLANG_WARN_OBJC_LITERAL_CONVERSION = YES;
				CLANG_WARN_OBJC_ROOT_CLASS = YES_ERROR;
				CLANG_WARN_QUOTED_INCLUDE_IN_FRAMEWORK_HEADER = YES;
				CLANG_WARN_RANGE_LOOP_ANALYSIS = YES;
				CLANG_WARN_STRICT_PROTOTYPES = YES;
				CLANG_WARN_SUSPICIOUS_MOVE = YES;
				CLANG_WARN_UNGUARDED_AVAILABILITY = YES_AGGRESSIVE;
				CLANG_WARN_UNREACHABLE_CODE = YES;
				CLANG_WARN__DUPLICATE_METHOD_MATCH = YES;
				COPY_PHASE_STRIP = NO;
				CURRENT_PROJECT_VERSION = 1;
				DEBUG_INFORMATION_FORMAT = dwarf;
				ENABLE_STRICT_OBJC_MSGSEND = YES;
				ENABLE_TESTABILITY = YES;
				GCC_C_LANGUAGE_STANDARD = gnu11;
				GCC_DYNAMIC_NO_PIC = NO;
				GCC_NO_COMMON_BLOCKS = YES;
				GCC_OPTIMIZATION_LEVEL = 0;
				GCC_PREPROCESSOR_DEFINITIONS = (
					"DEBUG=1",
					"$(inherited)",
				);
				GCC_WARN_64_TO_32_BIT_CONVERSION = YES;
				GCC_WARN_ABOUT_RETURN_TYPE = YES_ERROR;
				GCC_WARN_UNDECLARED_SELECTOR = YES;
				GCC_WARN_UNINITIALIZED_AUTOS = YES_AGGRESSIVE;
				GCC_WARN_UNUSED_FUNCTION = YES;
				GCC_WARN_UNUSED_VARIABLE = YES;
				IPHONEOS_DEPLOYMENT_TARGET = 15.2;
				MARKETING_VERSION = 2.1.2;
				MTL_ENABLE_DEBUG_INFO = INCLUDE_SOURCE;
				MTL_FAST_MATH = YES;
				ONLY_ACTIVE_ARCH = YES;
				PRODUCT_NAME = KeyboardSupport;
				SDKROOT = iphoneos;
				SWIFT_ACTIVE_COMPILATION_CONDITIONS = DEBUG;
				SWIFT_OPTIMIZATION_LEVEL = "-Onone";
				VERSIONING_SYSTEM = "apple-generic";
				VERSION_INFO_PREFIX = "";
			};
			name = Debug;
		};
		0E3F8FAC278F8D2700C9E69A /* Release */ = {
			isa = XCBuildConfiguration;
			buildSettings = {
				ALWAYS_SEARCH_USER_PATHS = NO;
				CLANG_ANALYZER_NONNULL = YES;
				CLANG_ANALYZER_NUMBER_OBJECT_CONVERSION = YES_AGGRESSIVE;
				CLANG_CXX_LANGUAGE_STANDARD = "gnu++17";
				CLANG_CXX_LIBRARY = "libc++";
				CLANG_ENABLE_MODULES = YES;
				CLANG_ENABLE_OBJC_ARC = YES;
				CLANG_ENABLE_OBJC_WEAK = YES;
				CLANG_WARN_BLOCK_CAPTURE_AUTORELEASING = YES;
				CLANG_WARN_BOOL_CONVERSION = YES;
				CLANG_WARN_COMMA = YES;
				CLANG_WARN_CONSTANT_CONVERSION = YES;
				CLANG_WARN_DEPRECATED_OBJC_IMPLEMENTATIONS = YES;
				CLANG_WARN_DIRECT_OBJC_ISA_USAGE = YES_ERROR;
				CLANG_WARN_DOCUMENTATION_COMMENTS = YES;
				CLANG_WARN_EMPTY_BODY = YES;
				CLANG_WARN_ENUM_CONVERSION = YES;
				CLANG_WARN_INFINITE_RECURSION = YES;
				CLANG_WARN_INT_CONVERSION = YES;
				CLANG_WARN_NON_LITERAL_NULL_CONVERSION = YES;
				CLANG_WARN_OBJC_IMPLICIT_RETAIN_SELF = YES;
				CLANG_WARN_OBJC_LITERAL_CONVERSION = YES;
				CLANG_WARN_OBJC_ROOT_CLASS = YES_ERROR;
				CLANG_WARN_QUOTED_INCLUDE_IN_FRAMEWORK_HEADER = YES;
				CLANG_WARN_RANGE_LOOP_ANALYSIS = YES;
				CLANG_WARN_STRICT_PROTOTYPES = YES;
				CLANG_WARN_SUSPICIOUS_MOVE = YES;
				CLANG_WARN_UNGUARDED_AVAILABILITY = YES_AGGRESSIVE;
				CLANG_WARN_UNREACHABLE_CODE = YES;
				CLANG_WARN__DUPLICATE_METHOD_MATCH = YES;
				COPY_PHASE_STRIP = NO;
				CURRENT_PROJECT_VERSION = 1;
				DEBUG_INFORMATION_FORMAT = "dwarf-with-dsym";
				ENABLE_NS_ASSERTIONS = NO;
				ENABLE_STRICT_OBJC_MSGSEND = YES;
				GCC_C_LANGUAGE_STANDARD = gnu11;
				GCC_NO_COMMON_BLOCKS = YES;
				GCC_WARN_64_TO_32_BIT_CONVERSION = YES;
				GCC_WARN_ABOUT_RETURN_TYPE = YES_ERROR;
				GCC_WARN_UNDECLARED_SELECTOR = YES;
				GCC_WARN_UNINITIALIZED_AUTOS = YES_AGGRESSIVE;
				GCC_WARN_UNUSED_FUNCTION = YES;
				GCC_WARN_UNUSED_VARIABLE = YES;
				IPHONEOS_DEPLOYMENT_TARGET = 15.2;
				MARKETING_VERSION = 2.1.2;
				MTL_ENABLE_DEBUG_INFO = NO;
				MTL_FAST_MATH = YES;
				PRODUCT_NAME = KeyboardSupport;
				SDKROOT = iphoneos;
				SWIFT_COMPILATION_MODE = wholemodule;
				SWIFT_OPTIMIZATION_LEVEL = "-O";
				VALIDATE_PRODUCT = YES;
				VERSIONING_SYSTEM = "apple-generic";
				VERSION_INFO_PREFIX = "";
			};
			name = Release;
		};
		0E3F8FAE278F8D2700C9E69A /* Debug */ = {
			isa = XCBuildConfiguration;
			buildSettings = {
				APPLICATION_EXTENSION_API_ONLY = YES;
				CODE_SIGN_STYLE = Automatic;
				CURRENT_PROJECT_VERSION = 1;
				DEFINES_MODULE = YES;
				DYLIB_COMPATIBILITY_VERSION = 1;
				DYLIB_CURRENT_VERSION = 1;
				DYLIB_INSTALL_NAME_BASE = "@rpath";
				GENERATE_INFOPLIST_FILE = YES;
				INFOPLIST_KEY_NSHumanReadableCopyright = "";
				INSTALL_PATH = "$(LOCAL_LIBRARY_DIR)/Frameworks";
				IPHONEOS_DEPLOYMENT_TARGET = 9.0;
				LD_RUNPATH_SEARCH_PATHS = (
					"$(inherited)",
					"@executable_path/Frameworks",
					"@loader_path/Frameworks",
				);
				PRODUCT_BUNDLE_IDENTIFIER = com.bottlerocketstudios.KeyboardSupport;
				SKIP_INSTALL = YES;
				SUPPORTS_MACCATALYST = NO;
				SWIFT_EMIT_LOC_STRINGS = YES;
				SWIFT_VERSION = 5.0;
				TARGETED_DEVICE_FAMILY = "1,2";
			};
			name = Debug;
		};
		0E3F8FAF278F8D2700C9E69A /* Release */ = {
			isa = XCBuildConfiguration;
			buildSettings = {
				APPLICATION_EXTENSION_API_ONLY = YES;
				CODE_SIGN_STYLE = Automatic;
				CURRENT_PROJECT_VERSION = 1;
				DEFINES_MODULE = YES;
				DYLIB_COMPATIBILITY_VERSION = 1;
				DYLIB_CURRENT_VERSION = 1;
				DYLIB_INSTALL_NAME_BASE = "@rpath";
				GENERATE_INFOPLIST_FILE = YES;
				INFOPLIST_KEY_NSHumanReadableCopyright = "";
				INSTALL_PATH = "$(LOCAL_LIBRARY_DIR)/Frameworks";
				IPHONEOS_DEPLOYMENT_TARGET = 9.0;
				LD_RUNPATH_SEARCH_PATHS = (
					"$(inherited)",
					"@executable_path/Frameworks",
					"@loader_path/Frameworks",
				);
				PRODUCT_BUNDLE_IDENTIFIER = com.bottlerocketstudios.KeyboardSupport;
				SKIP_INSTALL = YES;
				SUPPORTS_MACCATALYST = NO;
				SWIFT_EMIT_LOC_STRINGS = YES;
				SWIFT_VERSION = 5.0;
				TARGETED_DEVICE_FAMILY = "1,2";
			};
			name = Release;
		};
		0E3F8FB1278F8D2700C9E69A /* Debug */ = {
			isa = XCBuildConfiguration;
			buildSettings = {
				ALWAYS_EMBED_SWIFT_STANDARD_LIBRARIES = YES;
				CODE_SIGN_STYLE = Automatic;
				CURRENT_PROJECT_VERSION = 1;
				GENERATE_INFOPLIST_FILE = YES;
				MARKETING_VERSION = 1.0;
				PRODUCT_BUNDLE_IDENTIFIER = com.bottlerocketstudios.KeyboardSupportTests;
				PRODUCT_NAME = "$(TARGET_NAME)";
				SWIFT_EMIT_LOC_STRINGS = NO;
				SWIFT_VERSION = 5.0;
				TARGETED_DEVICE_FAMILY = "1,2";
			};
			name = Debug;
		};
		0E3F8FB2278F8D2700C9E69A /* Release */ = {
			isa = XCBuildConfiguration;
			buildSettings = {
				ALWAYS_EMBED_SWIFT_STANDARD_LIBRARIES = YES;
				CODE_SIGN_STYLE = Automatic;
				CURRENT_PROJECT_VERSION = 1;
				GENERATE_INFOPLIST_FILE = YES;
				MARKETING_VERSION = 1.0;
				PRODUCT_BUNDLE_IDENTIFIER = com.bottlerocketstudios.KeyboardSupportTests;
				PRODUCT_NAME = "$(TARGET_NAME)";
				SWIFT_EMIT_LOC_STRINGS = NO;
				SWIFT_VERSION = 5.0;
				TARGETED_DEVICE_FAMILY = "1,2";
			};
			name = Release;
		};
/* End XCBuildConfiguration section */

/* Begin XCConfigurationList section */
		0E3F8F95278F8D2700C9E69A /* Build configuration list for PBXProject "KeyboardSupport" */ = {
			isa = XCConfigurationList;
			buildConfigurations = (
				0E3F8FAB278F8D2700C9E69A /* Debug */,
				0E3F8FAC278F8D2700C9E69A /* Release */,
			);
			defaultConfigurationIsVisible = 0;
			defaultConfigurationName = Release;
		};
		0E3F8FAD278F8D2700C9E69A /* Build configuration list for PBXNativeTarget "KeyboardSupport iOS" */ = {
			isa = XCConfigurationList;
			buildConfigurations = (
				0E3F8FAE278F8D2700C9E69A /* Debug */,
				0E3F8FAF278F8D2700C9E69A /* Release */,
			);
			defaultConfigurationIsVisible = 0;
			defaultConfigurationName = Release;
		};
		0E3F8FB0278F8D2700C9E69A /* Build configuration list for PBXNativeTarget "KeyboardSupport iOS Tests" */ = {
			isa = XCConfigurationList;
			buildConfigurations = (
				0E3F8FB1278F8D2700C9E69A /* Debug */,
				0E3F8FB2278F8D2700C9E69A /* Release */,
			);
			defaultConfigurationIsVisible = 0;
			defaultConfigurationName = Release;
		};
/* End XCConfigurationList section */
	};
	rootObject = 0E3F8F92278F8D2700C9E69A /* Project object */;
}
